
Microsoft Visual Studio Solution File, Format Version 12.00
# Visual Studio Version 18
VisualStudioVersion = 18.2.11430.68
MinimumVisualStudioVersion = 10.0.40219.1
Project("{2150E333-8FDC-42A3-9474-1A3956D46DE8}") = "Solution Items", "Solution Items", "{33441570-FC3E-46DD-92D6-21CEDAC78E98}"
	ProjectSection(SolutionItems) = preProject
		..\.github\CONTRIBUTING.md = ..\.github\CONTRIBUTING.md
		License.md = License.md
		..\.github\README.md = ..\.github\README.md
		..\docs\README_nuget.md = ..\docs\README_nuget.md
		..\umbraco-marketplace.json = ..\umbraco-marketplace.json
	EndProjectSection
EndProject
Project("{FAE04EC0-301F-11D3-BF4B-00C04F79EFBC}") = "OC.MultiHotspot", "OC.MultiHotspot\OC.MultiHotspot.csproj", "{9CD76DB1-6690-39BF-E89C-1EB941E02979}"
EndProject
Project("{FAE04EC0-301F-11D3-BF4B-00C04F79EFBC}") = "OC.MultiHotspot.TestSite", "OC.MultiHotspot.TestSite\OC.MultiHotspot.TestSite.csproj", "{0FC0FF3A-F06D-BBE1-60EE-3DB9C6FFAC4F}"
EndProject
Project("{2150E333-8FDC-42A3-9474-1A3956D46DE8}") = "OC.MultiHotspot.TestSite.V18", "OC.MultiHotspot.TestSite.V18", "{453829EC-313B-E3EC-197A-7550E64131F6}"
EndProject
Project("{FAE04EC0-301F-11D3-BF4B-00C04F79EFBC}") = "CleanV18.Core", "OC.MultiHotspot.TestSite.V18\CleanV18.Core\CleanV18.Core.csproj", "{F06AD93F-DE96-459A-A869-5674D99725D5}"
EndProject
Project("{FAE04EC0-301F-11D3-BF4B-00C04F79EFBC}") = "CleanV18.Models", "OC.MultiHotspot.TestSite.V18\CleanV18.Models\CleanV18.Models.csproj", "{EBC142C5-A06E-49F7-8E29-02AAF9B02A27}"
EndProject
Project("{FAE04EC0-301F-11D3-BF4B-00C04F79EFBC}") = "CleanV18.Headless", "OC.MultiHotspot.TestSite.V18\CleanV18.Headless\CleanV18.Headless.csproj", "{C61579E9-7E71-4191-9C7E-C883A5D265B7}"
EndProject
Project("{FAE04EC0-301F-11D3-BF4B-00C04F79EFBC}") = "CleanV18.Blog", "OC.MultiHotspot.TestSite.V18\CleanV18.Blog\CleanV18.Blog.csproj", "{0136AB31-0490-4833-B499-0743BC535D71}"
EndProject
Global
	GlobalSection(SolutionConfigurationPlatforms) = preSolution
		Debug|Any CPU = Debug|Any CPU
		Debug|x64 = Debug|x64
		Debug|x86 = Debug|x86
		Release|Any CPU = Release|Any CPU
		Release|x64 = Release|x64
		Release|x86 = Release|x86
	EndGlobalSection
	GlobalSection(ProjectConfigurationPlatforms) = postSolution
		{9CD76DB1-6690-39BF-E89C-1EB941E02979}.Debug|Any CPU.ActiveCfg = Debug|Any CPU
		{9CD76DB1-6690-39BF-E89C-1EB941E02979}.Debug|Any CPU.Build.0 = Debug|Any CPU
		{9CD76DB1-6690-39BF-E89C-1EB941E02979}.Debug|x64.ActiveCfg = Debug|Any CPU
		{9CD76DB1-6690-39BF-E89C-1EB941E02979}.Debug|x64.Build.0 = Debug|Any CPU
		{9CD76DB1-6690-39BF-E89C-1EB941E02979}.Debug|x86.ActiveCfg = Debug|Any CPU
		{9CD76DB1-6690-39BF-E89C-1EB941E02979}.Debug|x86.Build.0 = Debug|Any CPU
		{9CD76DB1-6690-39BF-E89C-1EB941E02979}.Release|Any CPU.ActiveCfg = Release|Any CPU
		{9CD76DB1-6690-39BF-E89C-1EB941E02979}.Release|Any CPU.Build.0 = Release|Any CPU
		{9CD76DB1-6690-39BF-E89C-1EB941E02979}.Release|x64.ActiveCfg = Release|Any CPU
		{9CD76DB1-6690-39BF-E89C-1EB941E02979}.Release|x64.Build.0 = Release|Any CPU
		{9CD76DB1-6690-39BF-E89C-1EB941E02979}.Release|x86.ActiveCfg = Release|Any CPU
		{9CD76DB1-6690-39BF-E89C-1EB941E02979}.Release|x86.Build.0 = Release|Any CPU
		{0FC0FF3A-F06D-BBE1-60EE-3DB9C6FFAC4F}.Debug|Any CPU.ActiveCfg = Debug|Any CPU
		{0FC0FF3A-F06D-BBE1-60EE-3DB9C6FFAC4F}.Debug|Any CPU.Build.0 = Debug|Any CPU
		{0FC0FF3A-F06D-BBE1-60EE-3DB9C6FFAC4F}.Debug|x64.ActiveCfg = Debug|Any CPU
		{0FC0FF3A-F06D-BBE1-60EE-3DB9C6FFAC4F}.Debug|x64.Build.0 = Debug|Any CPU
		{0FC0FF3A-F06D-BBE1-60EE-3DB9C6FFAC4F}.Debug|x86.ActiveCfg = Debug|Any CPU
		{0FC0FF3A-F06D-BBE1-60EE-3DB9C6FFAC4F}.Debug|x86.Build.0 = Debug|Any CPU
		{0FC0FF3A-F06D-BBE1-60EE-3DB9C6FFAC4F}.Release|Any CPU.ActiveCfg = Release|Any CPU
		{0FC0FF3A-F06D-BBE1-60EE-3DB9C6FFAC4F}.Release|Any CPU.Build.0 = Release|Any CPU
		{0FC0FF3A-F06D-BBE1-60EE-3DB9C6FFAC4F}.Release|x64.ActiveCfg = Release|Any CPU
		{0FC0FF3A-F06D-BBE1-60EE-3DB9C6FFAC4F}.Release|x64.Build.0 = Release|Any CPU
		{0FC0FF3A-F06D-BBE1-60EE-3DB9C6FFAC4F}.Release|x86.ActiveCfg = Release|Any CPU
		{0FC0FF3A-F06D-BBE1-60EE-3DB9C6FFAC4F}.Release|x86.Build.0 = Release|Any CPU
		{F06AD93F-DE96-459A-A869-5674D99725D5}.Debug|Any CPU.ActiveCfg = Debug|Any CPU
		{F06AD93F-DE96-459A-A869-5674D99725D5}.Debug|Any CPU.Build.0 = Debug|Any CPU
		{F06AD93F-DE96-459A-A869-5674D99725D5}.Debug|x64.ActiveCfg = Debug|Any CPU
		{F06AD93F-DE96-459A-A869-5674D99725D5}.Debug|x64.Build.0 = Debug|Any CPU
		{F06AD93F-DE96-459A-A869-5674D99725D5}.Debug|x86.ActiveCfg = Debug|Any CPU
		{F06AD93F-DE96-459A-A869-5674D99725D5}.Debug|x86.Build.0 = Debug|Any CPU
		{F06AD93F-DE96-459A-A869-5674D99725D5}.Release|Any CPU.ActiveCfg = Release|Any CPU
		{F06AD93F-DE96-459A-A869-5674D99725D5}.Release|Any CPU.Build.0 = Release|Any CPU
		{F06AD93F-DE96-459A-A869-5674D99725D5}.Release|x64.ActiveCfg = Release|Any CPU
		{F06AD93F-DE96-459A-A869-5674D99725D5}.Release|x64.Build.0 = Release|Any CPU
		{F06AD93F-DE96-459A-A869-5674D99725D5}.Release|x86.ActiveCfg = Release|Any CPU
		{F06AD93F-DE96-459A-A869-5674D99725D5}.Release|x86.Build.0 = Release|Any CPU
		{EBC142C5-A06E-49F7-8E29-02AAF9B02A27}.Debug|Any CPU.ActiveCfg = Debug|Any CPU
		{EBC142C5-A06E-49F7-8E29-02AAF9B02A27}.Debug|Any CPU.Build.0 = Debug|Any CPU
		{EBC142C5-A06E-49F7-8E29-02AAF9B02A27}.Debug|x64.ActiveCfg = Debug|Any CPU
		{EBC142C5-A06E-49F7-8E29-02AAF9B02A27}.Debug|x64.Build.0 = Debug|Any CPU
		{EBC142C5-A06E-49F7-8E29-02AAF9B02A27}.Debug|x86.ActiveCfg = Debug|Any CPU
		{EBC142C5-A06E-49F7-8E29-02AAF9B02A27}.Debug|x86.Build.0 = Debug|Any CPU
		{EBC142C5-A06E-49F7-8E29-02AAF9B02A27}.Release|Any CPU.ActiveCfg = Release|Any CPU
		{EBC142C5-A06E-49F7-8E29-02AAF9B02A27}.Release|Any CPU.Build.0 = Release|Any CPU
		{EBC142C5-A06E-49F7-8E29-02AAF9B02A27}.Release|x64.ActiveCfg = Release|Any CPU
		{EBC142C5-A06E-49F7-8E29-02AAF9B02A27}.Release|x64.Build.0 = Release|Any CPU
		{EBC142C5-A06E-49F7-8E29-02AAF9B02A27}.Release|x86.ActiveCfg = Release|Any CPU
		{EBC142C5-A06E-49F7-8E29-02AAF9B02A27}.Release|x86.Build.0 = Release|Any CPU
		{C61579E9-7E71-4191-9C7E-C883A5D265B7}.Debug|Any CPU.ActiveCfg = Debug|Any CPU
		{C61579E9-7E71-4191-9C7E-C883A5D265B7}.Debug|Any CPU.Build.0 = Debug|Any CPU
		{C61579E9-7E71-4191-9C7E-C883A5D265B7}.Debug|x64.ActiveCfg = Debug|Any CPU
		{C61579E9-7E71-4191-9C7E-C883A5D265B7}.Debug|x64.Build.0 = Debug|Any CPU
		{C61579E9-7E71-4191-9C7E-C883A5D265B7}.Debug|x86.ActiveCfg = Debug|Any CPU
		{C61579E9-7E71-4191-9C7E-C883A5D265B7}.Debug|x86.Build.0 = Debug|Any CPU
		{C61579E9-7E71-4191-9C7E-C883A5D265B7}.Release|Any CPU.ActiveCfg = Release|Any CPU
		{C61579E9-7E71-4191-9C7E-C883A5D265B7}.Release|Any CPU.Build.0 = Release|Any CPU
		{C61579E9-7E71-4191-9C7E-C883A5D265B7}.Release|x64.ActiveCfg = Release|Any CPU
		{C61579E9-7E71-4191-9C7E-C883A5D265B7}.Release|x64.Build.0 = Release|Any CPU
		{C61579E9-7E71-4191-9C7E-C883A5D265B7}.Release|x86.ActiveCfg = Release|Any CPU
		{C61579E9-7E71-4191-9C7E-C883A5D265B7}.Release|x86.Build.0 = Release|Any CPU
		{0136AB31-0490-4833-B499-0743BC535D71}.Debug|Any CPU.ActiveCfg = Debug|Any CPU
		{0136AB31-0490-4833-B499-0743BC535D71}.Debug|Any CPU.Build.0 = Debug|Any CPU
		{0136AB31-0490-4833-B499-0743BC535D71}.Debug|x64.ActiveCfg = Debug|Any CPU
		{0136AB31-0490-4833-B499-0743BC535D71}.Debug|x64.Build.0 = Debug|Any CPU
		{0136AB31-0490-4833-B499-0743BC535D71}.Debug|x86.ActiveCfg = Debug|Any CPU
		{0136AB31-0490-4833-B499-0743BC535D71}.Debug|x86.Build.0 = Debug|Any CPU
		{0136AB31-0490-4833-B499-0743BC535D71}.Release|Any CPU.ActiveCfg = Release|Any CPU
		{0136AB31-0490-4833-B499-0743BC535D71}.Release|Any CPU.Build.0 = Release|Any CPU
		{0136AB31-0490-4833-B499-0743BC535D71}.Release|x64.ActiveCfg = Release|Any CPU
		{0136AB31-0490-4833-B499-0743BC535D71}.Release|x64.Build.0 = Release|Any CPU
		{0136AB31-0490-4833-B499-0743BC535D71}.Release|x86.ActiveCfg = Release|Any CPU
		{0136AB31-0490-4833-B499-0743BC535D71}.Release|x86.Build.0 = Release|Any CPU
	EndGlobalSection
	GlobalSection(SolutionProperties) = preSolution
		HideSolutionNode = FALSE
	EndGlobalSection
	GlobalSection(NestedProjects) = preSolution
		{F06AD93F-DE96-459A-A869-5674D99725D5} = {453829EC-313B-E3EC-197A-7550E64131F6}
		{EBC142C5-A06E-49F7-8E29-02AAF9B02A27} = {453829EC-313B-E3EC-197A-7550E64131F6}
		{C61579E9-7E71-4191-9C7E-C883A5D265B7} = {453829EC-313B-E3EC-197A-7550E64131F6}
		{0136AB31-0490-4833-B499-0743BC535D71} = {453829EC-313B-E3EC-197A-7550E64131F6}
	EndGlobalSection
	GlobalSection(ExtensibilityGlobals) = postSolution
		SolutionGuid = {6F07004F-9903-4AEB-9ED0-BE57A0326D20}
	EndGlobalSection
EndGlobal
